Microsoft Visual Studio Solution File, Format Version 12.00
# Visual Studio 15
VisualStudioVersion = 15.0.28307.106
MinimumVisualStudioVersion = 10.0.40219.1
Project("{FAE04EC0-301F-11D3-BF4B-00C04F79EFBC}") = "Gastropod.Android", "Gastropod.Android\Gastropod.Android.csproj", "{375010A4-6FE3-4AAF-B14D-60786BB4425D}"
EndProject
Project("{FAE04EC0-301F-11D3-BF4B-00C04F79EFBC}") = "Gastropod.iOS", "Gastropod.iOS\Gastropod.iOS.csproj", "{8E2736E4-A040-426B-87BD-464D2D47F034}"
EndProject
Project("{9A19103F-16F7-4668-BE54-9A1E7A4F7556}") = "Gastropod", "Gastropod\Gastropod.csproj", "{63013D27-0BD5-4AB9-9A9B-E77567753487}"
EndProject
Global
	GlobalSection(SolutionConfigurationPlatforms) = preSolution
		Ad-Hoc|Any CPU = Ad-Hoc|Any CPU
		Ad-Hoc|iPhone = Ad-Hoc|iPhone
		Ad-Hoc|iPhoneSimulator = Ad-Hoc|iPhoneSimulator
		AppStore|Any CPU = AppStore|Any CPU
		AppStore|iPhone = AppStore|iPhone
		AppStore|iPhoneSimulator = AppStore|iPhoneSimulator
		Debug|Any CPU = Debug|Any CPU
		Debug|iPhone = Debug|iPhone
		Debug|iPhoneSimulator = Debug|iPhoneSimulator
		Release|Any CPU = Release|Any CPU
		Release|iPhone = Release|iPhone
		Release|iPhoneSimulator = Release|iPhoneSimulator
	EndGlobalSection
	GlobalSection(ProjectConfigurationPlatforms) = postSolution
		{375010A4-6FE3-4AAF-B14D-60786BB4425D}.Ad-Hoc|Any CPU.ActiveCfg = Release|Any CPU
		{375010A4-6FE3-4AAF-B14D-60786BB4425D}.Ad-Hoc|Any CPU.Build.0 = Release|Any CPU
		{375010A4-6FE3-4AAF-B14D-60786BB4425D}.Ad-Hoc|Any CPU.Deploy.0 = Release|Any CPU
		{375010A4-6FE3-4AAF-B14D-60786BB4425D}.Ad-Hoc|iPhone.ActiveCfg = Debug|Any CPU
		{375010A4-6FE3-4AAF-B14D-60786BB4425D}.Ad-Hoc|iPhone.Build.0 = Debug|Any CPU
		{375010A4-6FE3-4AAF-B14D-60786BB4425D}.Ad-Hoc|iPhoneSimulator.ActiveCfg = Release|Any CPU
		{375010A4-6FE3-4AAF-B14D-60786BB4425D}.Ad-Hoc|iPhoneSimulator.Build.0 = Release|Any CPU
		{375010A4-6FE3-4AAF-B14D-60786BB4425D}.Ad-Hoc|iPhoneSimulator.Deploy.0 = Release|Any CPU
		{375010A4-6FE3-4AAF-B14D-60786BB4425D}.AppStore|Any CPU.ActiveCfg = Release|Any CPU
		{375010A4-6FE3-4AAF-B14D-60786BB4425D}.AppStore|Any CPU.Build.0 = Release|Any CPU
		{375010A4-6FE3-4AAF-B14D-60786BB4425D}.AppStore|Any CPU.Deploy.0 = Release|Any CPU
		{375010A4-6FE3-4AAF-B14D-60786BB4425D}.AppStore|iPhone.ActiveCfg = Debug|Any CPU
		{375010A4-6FE3-4AAF-B14D-60786BB4425D}.AppStore|iPhone.Build.0 = Debug|Any CPU
		{375010A4-6FE3-4AAF-B14D-60786BB4425D}.AppStore|iPhoneSimulator.ActiveCfg = Release|Any CPU
		{375010A4-6FE3-4AAF-B14D-60786BB4425D}.AppStore|iPhoneSimulator.Build.0 = Release|Any CPU
		{375010A4-6FE3-4AAF-B14D-60786BB4425D}.AppStore|iPhoneSimulator.Deploy.0 = Release|Any CPU
		{375010A4-6FE3-4AAF-B14D-60786BB4425D}.Debug|Any CPU.ActiveCfg = Debug|Any CPU
		{375010A4-6FE3-4AAF-B14D-60786BB4425D}.Debug|Any CPU.Build.0 = Debug|Any CPU
		{375010A4-6FE3-4AAF-B14D-60786BB4425D}.Debug|Any CPU.Deploy.0 = Debug|Any CPU
		{375010A4-6FE3-4AAF-B14D-60786BB4425D}.Debug|iPhone.ActiveCfg = Debug|Any CPU
		{375010A4-6FE3-4AAF-B14D-60786BB4425D}.Debug|iPhone.Build.0 = Debug|Any CPU
		{375010A4-6FE3-4AAF-B14D-60786BB4425D}.Debug|iPhoneSimulator.ActiveCfg = Debug|Any CPU
		{375010A4-6FE3-4AAF-B14D-60786BB4425D}.Debug|iPhoneSimulator.Build.0 = Debug|Any CPU
		{375010A4-6FE3-4AAF-B14D-60786BB4425D}.Release|Any CPU.ActiveCfg = Release|Any CPU
		{375010A4-6FE3-4AAF-B14D-60786BB4425D}.Release|Any CPU.Build.0 = Release|Any CPU
		{375010A4-6FE3-4AAF-B14D-60786BB4425D}.Release|iPhone.ActiveCfg = Release|Any CPU
		{375010A4-6FE3-4AAF-B14D-60786BB4425D}.Release|iPhone.Build.0 = Release|Any CPU
		{375010A4-6FE3-4AAF-B14D-60786BB4425D}.Release|iPhoneSimulator.ActiveCfg = Release|Any CPU
		{375010A4-6FE3-4AAF-B14D-60786BB4425D}.Release|iPhoneSimulator.Build.0 = Release|Any CPU
		{8E2736E4-A040-426B-87BD-464D2D47F034}.Ad-Hoc|Any CPU.ActiveCfg = Ad-Hoc|iPhoneSimulator
		{8E2736E4-A040-426B-87BD-464D2D47F034}.Ad-Hoc|iPhone.ActiveCfg = Ad-Hoc|iPhone
		{8E2736E4-A040-426B-87BD-464D2D47F034}.Ad-Hoc|iPhone.Build.0 = Ad-Hoc|iPhone
		{8E2736E4-A040-426B-87BD-464D2D47F034}.Ad-Hoc|iPhoneSimulator.ActiveCfg = Ad-Hoc|iPhoneSimulator
		{8E2736E4-A040-426B-87BD-464D2D47F034}.Ad-Hoc|iPhoneSimulator.Build.0 = Ad-Hoc|iPhoneSimulator
		{8E2736E4-A040-426B-87BD-464D2D47F034}.AppStore|Any CPU.ActiveCfg = AppStore|iPhoneSimulator
		{8E2736E4-A040-426B-87BD-464D2D47F034}.AppStore|iPhone.ActiveCfg = AppStore|iPhone
		{8E2736E4-A040-426B-87BD-464D2D47F034}.AppStore|iPhone.Build.0 = AppStore|iPhone
		{8E2736E4-A040-426B-87BD-464D2D47F034}.AppStore|iPhoneSimulator.ActiveCfg = AppStore|iPhoneSimulator
		{8E2736E4-A040-426B-87BD-464D2D47F034}.AppStore|iPhoneSimulator.Build.0 = AppStore|iPhoneSimulator
		{8E2736E4-A040-426B-87BD-464D2D47F034}.Debug|Any CPU.ActiveCfg = Debug|iPhoneSimulator
		{8E2736E4-A040-426B-87BD-464D2D47F034}.Debug|Any CPU.Build.0 = Debug|iPhoneSimulator
		{8E2736E4-A040-426B-87BD-464D2D47F034}.Debug|iPhone.ActiveCfg = Debug|iPhone
		{8E2736E4-A040-426B-87BD-464D2D47F034}.Debug|iPhone.Build.0 = Debug|iPhone
		{8E2736E4-A040-426B-87BD-464D2D47F034}.Debug|iPhoneSimulator.ActiveCfg = Debug|iPhoneSimulator
		{8E2736E4-A040-426B-87BD-464D2D47F034}.Debug|iPhoneSimulator.Build.0 = Debug|iPhoneSimulator
		{8E2736E4-A040-426B-87BD-464D2D47F034}.Release|Any CPU.ActiveCfg = Release|iPhoneSimulator
		{8E2736E4-A040-426B-87BD-464D2D47F034}.Release|Any CPU.Build.0 = Release|iPhoneSimulator
		{8E2736E4-A040-426B-87BD-464D2D47F034}.Release|iPhone.ActiveCfg = Release|iPhone
		{8E2736E4-A040-426B-87BD-464D2D47F034}.Release|iPhone.Build.0 = Release|iPhone
		{8E2736E4-A040-426B-87BD-464D2D47F034}.Release|iPhoneSimulator.ActiveCfg = Release|iPhoneSimulator
		{8E2736E4-A040-426B-87BD-464D2D47F034}.Release|iPhoneSimulator.Build.0 = Release|iPhoneSimulator
		{63013D27-0BD5-4AB9-9A9B-E77567753487}.Ad-Hoc|Any CPU.ActiveCfg = Release|Any CPU
		{63013D27-0BD5-4AB9-9A9B-E77567753487}.Ad-Hoc|Any CPU.Build.0 = Release|Any CPU
		{63013D27-0BD5-4AB9-9A9B-E77567753487}.Ad-Hoc|iPhone.ActiveCfg = Debug|Any CPU
		{63013D27-0BD5-4AB9-9A9B-E77567753487}.Ad-Hoc|iPhone.Build.0 = Debug|Any CPU
		{63013D27-0BD5-4AB9-9A9B-E77567753487}.Ad-Hoc|iPhoneSimulator.ActiveCfg = Release|Any CPU
		{63013D27-0BD5-4AB9-9A9B-E77567753487}.Ad-Hoc|iPhoneSimulator.Build.0 = Release|Any CPU
		{63013D27-0BD5-4AB9-9A9B-E77567753487}.AppStore|Any CPU.ActiveCfg = Release|Any CPU
		{63013D27-0BD5-4AB9-9A9B-E77567753487}.AppStore|Any CPU.Build.0 = Release|Any CPU
		{63013D27-0BD5-4AB9-9A9B-E77567753487}.AppStore|iPhone.ActiveCfg = Debug|Any CPU
		{63013D27-0BD5-4AB9-9A9B-E77567753487}.AppStore|iPhone.Build.0 = Debug|Any CPU
		{63013D27-0BD5-4AB9-9A9B-E77567753487}.AppStore|iPhoneSimulator.ActiveCfg = Release|Any CPU
		{63013D27-0BD5-4AB9-9A9B-E77567753487}.AppStore|iPhoneSimulator.Build.0 = Release|Any CPU
		{63013D27-0BD5-4AB9-9A9B-E77567753487}.Debug|Any CPU.ActiveCfg = Debug|Any CPU
		{63013D27-0BD5-4AB9-9A9B-E77567753487}.Debug|Any CPU.Build.0 = Debug|Any CPU
		{63013D27-0BD5-4AB9-9A9B-E77567753487}.Debug|iPhone.ActiveCfg = Debug|Any CPU
		{63013D27-0BD5-4AB9-9A9B-E77567753487}.Debug|iPhone.Build.0 = Debug|Any CPU
		{63013D27-0BD5-4AB9-9A9B-E77567753487}.Debug|iPhoneSimulator.ActiveCfg = Debug|Any CPU
		{63013D27-0BD5-4AB9-9A9B-E77567753487}.Debug|iPhoneSimulator.Build.0 = Debug|Any CPU
		{63013D27-0BD5-4AB9-9A9B-E77567753487}.Release|Any CPU.ActiveCfg = Release|Any CPU
		{63013D27-0BD5-4AB9-9A9B-E77567753487}.Release|Any CPU.Build.0 = Release|Any CPU
		{63013D27-0BD5-4AB9-9A9B-E77567753487}.Release|iPhone.ActiveCfg = Release|Any CPU
		{63013D27-0BD5-4AB9-9A9B-E77567753487}.Release|iPhone.Build.0 = Release|Any CPU
		{63013D27-0BD5-4AB9-9A9B-E77567753487}.Release|iPhoneSimulator.ActiveCfg = Release|Any CPU
		{63013D27-0BD5-4AB9-9A9B-E77567753487}.Release|iPhoneSimulator.Build.0 = Release|Any CPU
	EndGlobalSection
	GlobalSection(SolutionProperties) = preSolution
		HideSolutionNode = FALSE
	EndGlobalSection
	GlobalSection(ExtensibilityGlobals) = postSolution
		SolutionGuid = {1054C99B-71BD-4E03-9BD4-336D411206A3}
	EndGlobalSection
EndGlobal
